
Microsoft Visual Studio Solution File, Format Version 12.00
# Visual Studio Version 17
VisualStudioVersion = 17.9.34723.18
MinimumVisualStudioVersion = 10.0.40219.1
Project("{8BC9CEB8-8B4A-11D0-8D11-00A0C91BC942}") = "HomeWork7(OOP)", "HomeWork7(OOP)\HomeWork7(OOP).vcxproj", "{B18E7D66-4C2C-40CD-BBF0-4BDDB3DF0C6B}"
EndProject
Global
	GlobalSection(SolutionConfigurationPlatforms) = preSolution
		Debug|x64 = Debug|x64
		Debug|x86 = Debug|x86
		Release|x64 = Release|x64
		Release|x86 = Release|x86
	EndGlobalSection
	GlobalSection(ProjectConfigurationPlatforms) = postSolution
		{B18E7D66-4C2C-40CD-BBF0-4BDDB3DF0C6B}.Debug|x64.ActiveCfg = Debug|x64
		{B18E7D66-4C2C-40CD-BBF0-4BDDB3DF0C6B}.Debug|x64.Build.0 = Debug|x64
		{B18E7D66-4C2C-40CD-BBF0-4BDDB3DF0C6B}.Debug|x86.ActiveCfg = Debug|Win32
		{B18E7D66-4C2C-40CD-BBF0-4BDDB3DF0C6B}.Debug|x86.Build.0 = Debug|Win32
		{B18E7D66-4C2C-40CD-BBF0-4BDDB3DF0C6B}.Release|x64.ActiveCfg = Release|x64
		{B18E7D66-4C2C-40CD-BBF0-4BDDB3DF0C6B}.Release|x64.Build.0 = Release|x64
		{B18E7D66-4C2C-40CD-BBF0-4BDDB3DF0C6B}.Release|x86.ActiveCfg = Release|Win32
		{B18E7D66-4C2C-40CD-BBF0-4BDDB3DF0C6B}.Release|x86.Build.0 = Release|Win32
	EndGlobalSection
	GlobalSection(SolutionProperties) = preSolution
		HideSolutionNode = FALSE
	EndGlobalSection
	GlobalSection(ExtensibilityGlobals) = postSolution
		SolutionGuid = {52AC31F3-1D5B-4EAD-BCB3-8B7E07E7822D}
	EndGlobalSection
EndGlobal
